
Microsoft Visual Studio Solution File, Format Version 12.00
# Visual Studio 15
VisualStudioVersion = 15.0.28307.421
MinimumVisualStudioVersion = 10.0.40219.1
Project("{FAE04EC0-301F-11D3-BF4B-00C04F79EFBC}") = "BAMTriviaProject2", "BAMTriviaProject2\BAMTriviaProject2.csproj", "{075D97E7-ABEC-4A72-97BB-FAF307C69A97}"
EndProject
Project("{FAE04EC0-301F-11D3-BF4B-00C04F79EFBC}") = "Project2", "Project2\Project2.csproj", "{E8E38E8A-71DB-46F1-999B-83341F5C3850}"
EndProject
Global
	GlobalSection(SolutionConfigurationPlatforms) = preSolution
		Debug|Any CPU = Debug|Any CPU
		Release|Any CPU = Release|Any CPU
	EndGlobalSection
	GlobalSection(ProjectConfigurationPlatforms) = postSolution
		{075D97E7-ABEC-4A72-97BB-FAF307C69A97}.Debug|Any CPU.ActiveCfg = Debug|Any CPU
		{075D97E7-ABEC-4A72-97BB-FAF307C69A97}.Debug|Any CPU.Build.0 = Debug|Any CPU
		{075D97E7-ABEC-4A72-97BB-FAF307C69A97}.Release|Any CPU.ActiveCfg = Release|Any CPU
		{075D97E7-ABEC-4A72-97BB-FAF307C69A97}.Release|Any CPU.Build.0 = Release|Any CPU
		{E8E38E8A-71DB-46F1-999B-83341F5C3850}.Debug|Any CPU.ActiveCfg = Debug|Any CPU
		{E8E38E8A-71DB-46F1-999B-83341F5C3850}.Debug|Any CPU.Build.0 = Debug|Any CPU
		{E8E38E8A-71DB-46F1-999B-83341F5C3850}.Release|Any CPU.ActiveCfg = Release|Any CPU
		{E8E38E8A-71DB-46F1-999B-83341F5C3850}.Release|Any CPU.Build.0 = Release|Any CPU
	EndGlobalSection
	GlobalSection(SolutionProperties) = preSolution
		HideSolutionNode = FALSE
	EndGlobalSection
	GlobalSection(ExtensibilityGlobals) = postSolution
		SolutionGuid = {24690478-A38D-4934-B5BC-FE4D3A2477C7}
	EndGlobalSection
EndGlobal
